
Microsoft Visual Studio Solution File, Format Version 12.00
# Visual Studio Version 17
VisualStudioVersion = 17.9.34526.213
MinimumVisualStudioVersion = 10.0.40219.1
Project("{9A19103F-16F7-4668-BE54-9A1E7A4F7556}") = "ToolCart", "ToolCart\ToolCart.csproj", "{1AC44922-9073-4598-A158-A4FC10620CF2}"
EndProject
Project("{2150E333-8FDC-42A3-9474-1A3956D46DE8}") = "Solution Items", "Solution Items", "{89A2387A-EB1A-439E-BDFA-34275937638C}"
	ProjectSection(SolutionItems) = preProject
		.editorconfig = .editorconfig
		Directory.Build.props = Directory.Build.props
		..\..\README.md = ..\..\README.md
		..\..\.github\workflows\tool-cart-build.yml = ..\..\.github\workflows\tool-cart-build.yml
	EndProjectSection
EndProject
Project("{9A19103F-16F7-4668-BE54-9A1E7A4F7556}") = "ToolCart.Tests", "ToolCart.Tests\ToolCart.Tests.csproj", "{FC766708-A1A7-4215-ACB8-D91DCB6CDA36}"
EndProject
Project("{9A19103F-16F7-4668-BE54-9A1E7A4F7556}") = "Example1", "Example1\Example1.csproj", "{2ABE7803-B4BF-4044-BEC4-A23D3B41361B}"
EndProject
Project("{9A19103F-16F7-4668-BE54-9A1E7A4F7556}") = "ToolCart.Logging", "ToolCart.Logging\ToolCart.Logging.csproj", "{BBC83DDE-479C-4F9C-AC6A-43DC12A18EAB}"
EndProject
Project("{FAE04EC0-301F-11D3-BF4B-00C04F79EFBC}") = "ToolCart.Logging.Tests", "ToolCart.Logging.Tests\ToolCart.Logging.Tests.csproj", "{6FF2B8CC-8675-4E0F-8958-702E6338A48C}"
EndProject
Global
	GlobalSection(SolutionConfigurationPlatforms) = preSolution
		Debug|Any CPU = Debug|Any CPU
		Release|Any CPU = Release|Any CPU
	EndGlobalSection
	GlobalSection(ProjectConfigurationPlatforms) = postSolution
		{1AC44922-9073-4598-A158-A4FC10620CF2}.Debug|Any CPU.ActiveCfg = Debug|Any CPU
		{1AC44922-9073-4598-A158-A4FC10620CF2}.Debug|Any CPU.Build.0 = Debug|Any CPU
		{1AC44922-9073-4598-A158-A4FC10620CF2}.Release|Any CPU.ActiveCfg = Release|Any CPU
		{1AC44922-9073-4598-A158-A4FC10620CF2}.Release|Any CPU.Build.0 = Release|Any CPU
		{FC766708-A1A7-4215-ACB8-D91DCB6CDA36}.Debug|Any CPU.ActiveCfg = Debug|Any CPU
		{FC766708-A1A7-4215-ACB8-D91DCB6CDA36}.Debug|Any CPU.Build.0 = Debug|Any CPU
		{FC766708-A1A7-4215-ACB8-D91DCB6CDA36}.Release|Any CPU.ActiveCfg = Release|Any CPU
		{FC766708-A1A7-4215-ACB8-D91DCB6CDA36}.Release|Any CPU.Build.0 = Release|Any CPU
		{2ABE7803-B4BF-4044-BEC4-A23D3B41361B}.Debug|Any CPU.ActiveCfg = Debug|Any CPU
		{2ABE7803-B4BF-4044-BEC4-A23D3B41361B}.Debug|Any CPU.Build.0 = Debug|Any CPU
		{2ABE7803-B4BF-4044-BEC4-A23D3B41361B}.Release|Any CPU.ActiveCfg = Release|Any CPU
		{2ABE7803-B4BF-4044-BEC4-A23D3B41361B}.Release|Any CPU.Build.0 = Release|Any CPU
		{BBC83DDE-479C-4F9C-AC6A-43DC12A18EAB}.Debug|Any CPU.ActiveCfg = Debug|Any CPU
		{BBC83DDE-479C-4F9C-AC6A-43DC12A18EAB}.Debug|Any CPU.Build.0 = Debug|Any CPU
		{BBC83DDE-479C-4F9C-AC6A-43DC12A18EAB}.Release|Any CPU.ActiveCfg = Release|Any CPU
		{BBC83DDE-479C-4F9C-AC6A-43DC12A18EAB}.Release|Any CPU.Build.0 = Release|Any CPU
		{6FF2B8CC-8675-4E0F-8958-702E6338A48C}.Debug|Any CPU.ActiveCfg = Debug|Any CPU
		{6FF2B8CC-8675-4E0F-8958-702E6338A48C}.Debug|Any CPU.Build.0 = Debug|Any CPU
		{6FF2B8CC-8675-4E0F-8958-702E6338A48C}.Release|Any CPU.ActiveCfg = Release|Any CPU
		{6FF2B8CC-8675-4E0F-8958-702E6338A48C}.Release|Any CPU.Build.0 = Release|Any CPU
	EndGlobalSection
	GlobalSection(SolutionProperties) = preSolution
		HideSolutionNode = FALSE
	EndGlobalSection
	GlobalSection(ExtensibilityGlobals) = postSolution
		SolutionGuid = {D5806A13-A126-4567-85E2-483BFFA8C2AA}
	EndGlobalSection
EndGlobal
